# capa.lock - AUTO-GENERATED by `capa install`. DO NOT EDIT.
# Re-running `capa install` rewrites this file from capa.toml.

[[dependencies]]
name = "capa_cli"
git = "https://github.com/nelsonduarte/capa_cli"
pin = "v0.1.2"
pin_kind = "tag"
commit = "85137399c9906b31c69eda1777c25661cb2f4349"
signing_key = "6C1D222D491FB88031E041A536CFB426101AA24B"

[[dependencies]]
name = "capa_datetime"
git = "https://github.com/nelsonduarte/capa_datetime"
pin = "v0.1.2"
pin_kind = "tag"
commit = "34a373dab297a6afc6911d31cd8ba0a65b7de4ba"
signing_key = "6C1D222D491FB88031E041A536CFB426101AA24B"

[[dependencies]]
name = "capa_log"
git = "https://github.com/nelsonduarte/capa_log"
pin = "v0.1.2"
pin_kind = "tag"
commit = "788e7ada58b9382b4f5149b8fd81c1497d6eaa3e"
signing_key = "6C1D222D491FB88031E041A536CFB426101AA24B"
