# capa.lock - AUTO-GENERATED by `capa install`. DO NOT EDIT.
# Re-running `capa install` rewrites this file from capa.toml.

[[dependencies]]
name = "capa_cli"
git = "https://github.com/nelsonduarte/capa_cli"
pin = "v0.1"
pin_kind = "tag"
commit = "b3abdddd27af38857d1e9c1a91d25d8f164bba23"

[[dependencies]]
name = "capa_datetime"
git = "https://github.com/nelsonduarte/capa_datetime"
pin = "v0.1"
pin_kind = "tag"
commit = "d643c01f61d8716977b5da263c1b6a6cd7e5198f"

[[dependencies]]
name = "capa_log"
git = "https://github.com/nelsonduarte/capa_log"
pin = "v0.1"
pin_kind = "tag"
commit = "32e5ead1bb83b6c14d5582197aa9a5d77c291cad"
