# capa.lock - AUTO-GENERATED by `capa install`. DO NOT EDIT.
# Re-running `capa install` rewrites this file from capa.toml.

[[dependencies]]
name = "capa_cli"
git = "https://github.com/nelsonduarte/capa_cli"
pin = "v0.1.1"
pin_kind = "tag"
commit = "c4bfffe7d244de51b2b76626ce9c4db590e313dd"
signing_key = "6C1D222D491FB88031E041A536CFB426101AA24B"

[[dependencies]]
name = "capa_datetime"
git = "https://github.com/nelsonduarte/capa_datetime"
pin = "v0.1.1"
pin_kind = "tag"
commit = "968613c101a613efaa21b845653509813bf23a16"
signing_key = "6C1D222D491FB88031E041A536CFB426101AA24B"

[[dependencies]]
name = "capa_log"
git = "https://github.com/nelsonduarte/capa_log"
pin = "v0.1.1"
pin_kind = "tag"
commit = "fc121de7dc0b133c2780c538a3b71db336388ac4"
signing_key = "6C1D222D491FB88031E041A536CFB426101AA24B"
